
Microsoft Visual Studio Solution File, Format Version 12.00
# Visual Studio Version 17
VisualStudioVersion = 17.14.37216.2 d17.14
MinimumVisualStudioVersion = 10.0.40219.1
Project("{FAE04EC0-301F-11D3-BF4B-00C04F79EFBC}") = "cs-notes-and-code", "cs-notes-and-code.csproj", "{AA4B34CE-0D67-4792-9C2C-C52FE541CEF7}"
EndProject
Global
	GlobalSection(SolutionConfigurationPlatforms) = preSolution
		Debug|Any CPU = Debug|Any CPU
		Release|Any CPU = Release|Any CPU
	EndGlobalSection
	GlobalSection(ProjectConfigurationPlatforms) = postSolution
		{AA4B34CE-0D67-4792-9C2C-C52FE541CEF7}.Debug|Any CPU.ActiveCfg = Debug|Any CPU
		{AA4B34CE-0D67-4792-9C2C-C52FE541CEF7}.Debug|Any CPU.Build.0 = Debug|Any CPU
		{AA4B34CE-0D67-4792-9C2C-C52FE541CEF7}.Release|Any CPU.ActiveCfg = Release|Any CPU
		{AA4B34CE-0D67-4792-9C2C-C52FE541CEF7}.Release|Any CPU.Build.0 = Release|Any CPU
	EndGlobalSection
	GlobalSection(SolutionProperties) = preSolution
		HideSolutionNode = FALSE
	EndGlobalSection
	GlobalSection(ExtensibilityGlobals) = postSolution
		SolutionGuid = {4AF2E960-82D8-4D69-9E53-9C93631715D3}
	EndGlobalSection
EndGlobal
